{
  "version": 4,
  "terraform_version": "0.12.5",
  "serial": 19,
  "lineage": "9cb0e8ad-3e4d-e4fc-9d18-9b0a2508056d",
  "outputs": {},
  "resources": [
    {
      "module": "module.lambda",
      "mode": "data",
      "type": "archive_file",
      "name": "garbage_day_notification",
      "provider": "provider.archive",
      "instances": [
        {
          "schema_version": 0,
          "attributes": {
            "excludes": null,
            "id": "cb0b89e726d48c57b9783e2e7b9f38b98ccef74d",
            "output_base64sha256": "CKK/IRzH+HWv3Cx0ePqqr6UvMX520BiAzEUCtQMLnLc=",
            "output_md5": "5488ad605e773011a096ec962bbdfd55",
            "output_path": "../../module/lambda/upload/lambda.zip",
            "output_sha": "cb0b89e726d48c57b9783e2e7b9f38b98ccef74d",
            "output_size": 1763,
            "source": [],
            "source_content": null,
            "source_content_filename": null,
            "source_dir": "../../module/lambda/src",
            "source_file": null,
            "type": "zip"
          }
        }
      ]
    },
    {
      "module": "module.cloudwatch_event",
      "mode": "managed",
      "type": "aws_cloudwatch_event_rule",
      "name": "garbage_day_notification",
      "provider": "provider.aws",
      "instances": [
        {
          "schema_version": 0,
          "attributes": {
            "arn": "arn:aws:events:ap-northeast-1:377575712836:rule/garbage_day_notification",
            "description": "notify garbage day every week",
            "event_bus_name": "default",
            "event_pattern": null,
            "id": "garbage_day_notification",
            "is_enabled": true,
            "name": "garbage_day_notification",
            "name_prefix": "",
            "role_arn": "",
            "schedule_expression": "cron(0 12 ? * SUN *)",
            "tags": null
          },
          "private": "bnVsbA=="
        }
      ]
    },
    {
      "module": "module.cloudwatch_event",
      "mode": "managed",
      "type": "aws_cloudwatch_event_target",
      "name": "garbage_day_notification",
      "provider": "provider.aws",
      "instances": []
    },
    {
      "module": "module.dynamo_db",
      "mode": "managed",
      "type": "aws_dynamodb_table",
      "name": "garbage_day_table",
      "provider": "provider.aws",
      "instances": [
        {
          "schema_version": 1,
          "attributes": {
            "arn": "arn:aws:dynamodb:ap-northeast-1:377575712836:table/garbage_day_table",
            "attribute": [
              {
                "name": "date",
                "type": "S"
              }
            ],
            "billing_mode": "PAY_PER_REQUEST",
            "global_secondary_index": [],
            "hash_key": "date",
            "id": "garbage_day_table",
            "local_secondary_index": [],
            "name": "garbage_day_table",
            "point_in_time_recovery": [
              {
                "enabled": false
              }
            ],
            "range_key": null,
            "read_capacity": 0,
            "replica": [],
            "server_side_encryption": [],
            "stream_arn": "",
            "stream_enabled": false,
            "stream_label": "",
            "stream_view_type": "",
            "tags": null,
            "timeouts": null,
            "ttl": [
              {
                "attribute_name": "ttl",
                "enabled": true
              }
            ],
            "write_capacity": 0
          },
          "private": "eyJlMmJmYjczMC1lY2FhLTExZTYtOGY4OC0zNDM2M2JjN2M0YzAiOnsiY3JlYXRlIjoxMjAwMDAwMDAwMDAwLCJkZWxldGUiOjYwMDAwMDAwMDAwMCwidXBkYXRlIjozNjAwMDAwMDAwMDAwfSwic2NoZW1hX3ZlcnNpb24iOiIxIn0="
        }
      ]
    },
    {
      "module": "module.lambda",
      "mode": "managed",
      "type": "aws_iam_role_policy_attachment",
      "name": "lambda_basic_execution",
      "provider": "provider.aws",
      "instances": []
    },
    {
      "module": "module.lambda",
      "mode": "managed",
      "type": "aws_iam_role_policy_attachment",
      "name": "lambda_dynamo_db_execution",
      "provider": "provider.aws",
      "instances": []
    },
    {
      "module": "module.lambda",
      "mode": "managed",
      "type": "aws_iam_role_policy_attachment",
      "name": "lambda_dynamo_db_full_access",
      "provider": "provider.aws",
      "instances": []
    },
    {
      "module": "module.lambda",
      "mode": "managed",
      "type": "aws_lambda_function",
      "name": "garbage_day_notification",
      "provider": "provider.aws",
      "instances": []
    },
    {
      "module": "module.cloudwatch_event",
      "mode": "managed",
      "type": "aws_lambda_permission",
      "name": "allow_cloudwatch_to_call_garbage_day_notification",
      "provider": "provider.aws",
      "instances": []
    }
  ]
}
