{
  "version": 4,
  "terraform_version": "0.12.5",
  "serial": 33,
  "lineage": "9cb0e8ad-3e4d-e4fc-9d18-9b0a2508056d",
  "outputs": {},
  "resources": [
    {
      "module": "module.lambda",
      "mode": "data",
      "type": "archive_file",
      "name": "garbage_day_notification",
      "provider": "provider.archive",
      "instances": [
        {
          "schema_version": 0,
          "attributes": {
            "excludes": null,
            "id": "623e1eadba1fbfff773f6e260b993e8fdcead880",
            "output_base64sha256": "BfB+dsZPfcvISsuppqNkI5fWJy5qPNArSCq8YHafUvA=",
            "output_md5": "7e4a00ff8a2b9337ed29c9dd7a21c6d9",
            "output_path": "../../module/lambda/upload/lambda.zip",
            "output_sha": "623e1eadba1fbfff773f6e260b993e8fdcead880",
            "output_size": 3962,
            "source": [],
            "source_content": null,
            "source_content_filename": null,
            "source_dir": "../../module/lambda/src",
            "source_file": null,
            "type": "zip"
          }
        }
      ]
    },
    {
      "module": "module.cloudwatch_event",
      "mode": "managed",
      "type": "aws_cloudwatch_event_rule",
      "name": "garbage_day_notification",
      "provider": "provider.aws",
      "instances": [
        {
          "schema_version": 0,
          "attributes": {
            "arn": "arn:aws:events:ap-northeast-1:377575712836:rule/garbage_day_notification",
            "description": "notify garbage day every week",
            "event_bus_name": "default",
            "event_pattern": null,
            "id": "garbage_day_notification",
            "is_enabled": true,
            "name": "garbage_day_notification",
            "name_prefix": "",
            "role_arn": "",
            "schedule_expression": "cron(0 12 ? * SUN *)",
            "tags": {}
          },
          "private": "bnVsbA=="
        }
      ]
    },
    {
      "module": "module.cloudwatch_event",
      "mode": "managed",
      "type": "aws_cloudwatch_event_target",
      "name": "garbage_day_notification",
      "provider": "provider.aws",
      "instances": [
        {
          "schema_version": 1,
          "attributes": {
            "arn": "arn:aws:lambda:ap-northeast-1:377575712836:function:garbage_day_notification",
            "batch_target": [],
            "dead_letter_config": [],
            "ecs_target": [],
            "event_bus_name": "default",
            "id": "garbage_day_notification-garbage_day_notification",
            "input": "",
            "input_path": "",
            "input_transformer": [],
            "kinesis_target": [],
            "retry_policy": [],
            "role_arn": "",
            "rule": "garbage_day_notification",
            "run_command_targets": [],
            "sqs_target": [],
            "target_id": "garbage_day_notification"
          },
          "private": "eyJzY2hlbWFfdmVyc2lvbiI6IjEifQ==",
          "depends_on": [
            "aws_cloudwatch_event_rule.garbage_day_notification"
          ]
        }
      ]
    },
    {
      "module": "module.dynamo_db",
      "mode": "managed",
      "type": "aws_dynamodb_table",
      "name": "garbage_day_table",
      "provider": "provider.aws",
      "instances": [
        {
          "schema_version": 1,
          "attributes": {
            "arn": "arn:aws:dynamodb:ap-northeast-1:377575712836:table/garbage_day_table",
            "attribute": [
              {
                "name": "date",
                "type": "S"
              }
            ],
            "billing_mode": "PAY_PER_REQUEST",
            "global_secondary_index": [],
            "hash_key": "date",
            "id": "garbage_day_table",
            "local_secondary_index": [],
            "name": "garbage_day_table",
            "point_in_time_recovery": [
              {
                "enabled": false
              }
            ],
            "range_key": null,
            "read_capacity": 0,
            "replica": [],
            "server_side_encryption": [],
            "stream_arn": "",
            "stream_enabled": false,
            "stream_label": "",
            "stream_view_type": "",
            "tags": {},
            "timeouts": null,
            "ttl": [
              {
                "attribute_name": "ttl",
                "enabled": true
              }
            ],
            "write_capacity": 0
          },
          "private": "eyJlMmJmYjczMC1lY2FhLTExZTYtOGY4OC0zNDM2M2JjN2M0YzAiOnsiY3JlYXRlIjoxMjAwMDAwMDAwMDAwLCJkZWxldGUiOjYwMDAwMDAwMDAwMCwidXBkYXRlIjozNjAwMDAwMDAwMDAwfSwic2NoZW1hX3ZlcnNpb24iOiIxIn0="
        }
      ]
    },
    {
      "module": "module.lambda",
      "mode": "managed",
      "type": "aws_iam_role",
      "name": "lambda_garbage_day",
      "provider": "provider.aws",
      "instances": [
        {
          "schema_version": 0,
          "attributes": {
            "arn": "arn:aws:iam::377575712836:role/GarbageDayLambdaRole",
            "assume_role_policy": "{\"Version\":\"2012-10-17\",\"Statement\":[{\"Effect\":\"Allow\",\"Principal\":{\"Service\":\"lambda.amazonaws.com\"},\"Action\":\"sts:AssumeRole\"}]}",
            "create_date": "2022-08-02T00:56:30Z",
            "description": "",
            "force_detach_policies": false,
            "id": "GarbageDayLambdaRole",
            "inline_policy": [
              {
                "name": "",
                "policy": ""
              }
            ],
            "managed_policy_arns": [
              "arn:aws:iam::aws:policy/AmazonDynamoDBFullAccess",
              "arn:aws:iam::aws:policy/service-role/AWSLambdaBasicExecutionRole",
              "arn:aws:iam::aws:policy/service-role/AWSLambdaDynamoDBExecutionRole"
            ],
            "max_session_duration": 3600,
            "name": "GarbageDayLambdaRole",
            "name_prefix": null,
            "path": "/",
            "permissions_boundary": null,
            "tags": {},
            "unique_id": "AROAVP2KEFBCDUKOL2M7W"
          },
          "private": "bnVsbA=="
        }
      ]
    },
    {
      "module": "module.lambda",
      "mode": "managed",
      "type": "aws_iam_role_policy_attachment",
      "name": "lambda_basic_execution",
      "provider": "provider.aws",
      "instances": [
        {
          "schema_version": 0,
          "attributes": {
            "id": "GarbageDayLambdaRole-20220802005633983600000001",
            "policy_arn": "arn:aws:iam::aws:policy/service-role/AWSLambdaBasicExecutionRole",
            "role": "GarbageDayLambdaRole"
          },
          "private": "bnVsbA==",
          "depends_on": [
            "aws_iam_role.lambda_garbage_day"
          ]
        }
      ]
    },
    {
      "module": "module.lambda",
      "mode": "managed",
      "type": "aws_iam_role_policy_attachment",
      "name": "lambda_dynamo_db_execution",
      "provider": "provider.aws",
      "instances": [
        {
          "schema_version": 0,
          "attributes": {
            "id": "GarbageDayLambdaRole-20220802005633987200000002",
            "policy_arn": "arn:aws:iam::aws:policy/service-role/AWSLambdaDynamoDBExecutionRole",
            "role": "GarbageDayLambdaRole"
          },
          "private": "bnVsbA==",
          "depends_on": [
            "aws_iam_role.lambda_garbage_day"
          ]
        }
      ]
    },
    {
      "module": "module.lambda",
      "mode": "managed",
      "type": "aws_iam_role_policy_attachment",
      "name": "lambda_dynamo_db_full_access",
      "provider": "provider.aws",
      "instances": [
        {
          "schema_version": 0,
          "attributes": {
            "id": "GarbageDayLambdaRole-20220802005633991700000003",
            "policy_arn": "arn:aws:iam::aws:policy/AmazonDynamoDBFullAccess",
            "role": "GarbageDayLambdaRole"
          },
          "private": "bnVsbA==",
          "depends_on": [
            "aws_iam_role.lambda_garbage_day"
          ]
        }
      ]
    },
    {
      "module": "module.lambda",
      "mode": "managed",
      "type": "aws_lambda_function",
      "name": "garbage_day_notification",
      "provider": "provider.aws",
      "instances": [
        {
          "schema_version": 0,
          "attributes": {
            "arn": "arn:aws:lambda:ap-northeast-1:377575712836:function:garbage_day_notification",
            "code_signing_config_arn": "",
            "dead_letter_config": [],
            "description": "",
            "environment": [
              {
                "variables": {
                  "DYNAMO_DB_TABLE_NAME": "garbage_day_table",
                  "LINE_API_URL": "https://api.line.me/v2/bot/message/broadcast",
                  "LINE_TOKEN": "OXlr3Z6HJhl/oQbwr1+TphlVg/fVolYm2u6BIKRvPcd36G7+bvkIPYQB5av2JwSpTHH9kUUms6i23zOn4g6l0rpZhKgTzLuJS+GAVg6JWgfwvJWRqzxCEQ+/EQJ7BErwD3MNBMsoz/qZqx/+vpxADAdB04t89/1O/w1cDnyilFU="
                }
              }
            ],
            "file_system_config": [],
            "filename": "../../module/lambda/upload/lambda.zip",
            "function_name": "garbage_day_notification",
            "handler": "main.lambda_handler",
            "id": "garbage_day_notification",
            "image_config": [],
            "image_uri": "",
            "invoke_arn": "arn:aws:apigateway:ap-northeast-1:lambda:path/2015-03-31/functions/arn:aws:lambda:ap-northeast-1:377575712836:function:garbage_day_notification/invocations",
            "kms_key_arn": "",
            "last_modified": "2022-08-14T12:47:04.000+0000",
            "layers": [],
            "memory_size": 128,
            "package_type": "Zip",
            "publish": true,
            "qualified_arn": "arn:aws:lambda:ap-northeast-1:377575712836:function:garbage_day_notification:4",
            "reserved_concurrent_executions": 50,
            "role": "arn:aws:iam::377575712836:role/GarbageDayLambdaRole",
            "runtime": "ruby2.7",
            "s3_bucket": null,
            "s3_key": null,
            "s3_object_version": null,
            "signing_job_arn": "",
            "signing_profile_version_arn": "",
            "source_code_hash": "BfB+dsZPfcvISsuppqNkI5fWJy5qPNArSCq8YHafUvA=",
            "source_code_size": 3962,
            "tags": {},
            "timeout": 30,
            "timeouts": null,
            "tracing_config": [
              {
                "mode": "Active"
              }
            ],
            "version": "4",
            "vpc_config": []
          },
          "private": "eyJlMmJmYjczMC1lY2FhLTExZTYtOGY4OC0zNDM2M2JjN2M0YzAiOnsiY3JlYXRlIjo2MDAwMDAwMDAwMDB9fQ==",
          "depends_on": [
            "aws_iam_role.lambda_garbage_day",
            "data.archive_file.garbage_day_notification"
          ]
        }
      ]
    },
    {
      "module": "module.cloudwatch_event",
      "mode": "managed",
      "type": "aws_lambda_permission",
      "name": "allow_cloudwatch_to_call_garbage_day_notification",
      "provider": "provider.aws",
      "instances": [
        {
          "schema_version": 0,
          "attributes": {
            "action": "lambda:InvokeFunction",
            "event_source_token": null,
            "function_name": "arn:aws:lambda:ap-northeast-1:377575712836:function:garbage_day_notification",
            "id": "AllowExecutionFromCloudWatch",
            "principal": "events.amazonaws.com",
            "qualifier": "",
            "source_account": null,
            "source_arn": "arn:aws:events:ap-northeast-1:377575712836:rule/garbage_day_notification",
            "statement_id": "AllowExecutionFromCloudWatch",
            "statement_id_prefix": null
          },
          "private": "bnVsbA==",
          "depends_on": [
            "aws_cloudwatch_event_rule.garbage_day_notification"
          ]
        }
      ]
    }
  ]
}
